<?xml version="1.0" encoding="utf-8"?>
<Project ToolsVersion="4.0" xmlns="http://schemas.microsoft.com/developer/msbuild/2003">
  <ItemGroup>
    <Filter Include="Source Files">
      <UniqueIdentifier>{4FC737F1-C7A5-4376-A066-2A32D752A2FF}</UniqueIdentifier>
      <Extensions>cpp;c;cc;cxx;c++;cppm;ixx;def;odl;idl;hpj;bat;asm;asmx</Extensions>
    </Filter>
    <Filter Include="Header Files">
      <UniqueIdentifier>{93995380-89BD-4b04-88EB-625FBE52EBFB}</UniqueIdentifier>
      <Extensions>h;hh;hpp;hxx;h++;hm;inl;inc;ipp;xsd</Extensions>
    </Filter>
    <Filter Include="Resource Files">
      <UniqueIdentifier>{67DA6AB6-F800-4c08-8B7A-83BB121AAD01}</UniqueIdentifier>
      <Extensions>rc;ico;cur;bmp;dlg;rc2;rct;bin;rgs;gif;jpg;jpeg;jpe;resx;tiff;tif;png;wav;mfcribbon-ms</Extensions>
    </Filter>
    <Filter Include="Header Files\Other">
      <UniqueIdentifier>{ecdf35d1-2859-4a0a-9002-5d0e324444a3}</UniqueIdentifier>
    </Filter>
    <Filter Include="Source Files\Component">
      <UniqueIdentifier>{f2c3d674-e46f-45ac-9027-66acfcefa090}</UniqueIdentifier>
    </Filter>
    <Filter Include="Shaders">
      <UniqueIdentifier>{82d45d04-14c9-4921-ad19-6572bda94f99}</UniqueIdentifier>
    </Filter>
    <Filter Include="Source Files\Actor">
      <UniqueIdentifier>{fe129508-8052-42fa-b1e5-b4df21bd1fe7}</UniqueIdentifier>
    </Filter>
  </ItemGroup>
  <ItemGroup>
    <ClCompile Include="main.cpp">
      <Filter>Source Files</Filter>
    </ClCompile>
    <ClCompile Include="glad.c">
      <Filter>Source Files</Filter>
    </ClCompile>
    <ClCompile Include="Application.cpp">
      <Filter>Source Files</Filter>
    </ClCompile>
    <ClCompile Include="Mesh.cpp">
      <Filter>Source Files</Filter>
    </ClCompile>
    <ClCompile Include="IRender.cpp">
      <Filter>Source Files</Filter>
    </ClCompile>
    <ClCompile Include="ShaderProgram.cpp">
      <Filter>Source Files</Filter>
    </ClCompile>
    <ClCompile Include="Component.cpp">
      <Filter>Source Files\Component</Filter>
    </ClCompile>
    <ClCompile Include="MeshComponent.cpp">
      <Filter>Source Files\Component</Filter>
    </ClCompile>
    <ClCompile Include="Content.cpp">
      <Filter>Source Files</Filter>
    </ClCompile>
    <ClCompile Include="MeshImporter.cpp">
      <Filter>Source Files</Filter>
    </ClCompile>
    <ClCompile Include="stb_image.cpp">
      <Filter>Source Files</Filter>
    </ClCompile>
    <ClCompile Include="Actor.cpp">
      <Filter>Source Files\Actor</Filter>
    </ClCompile>
    <ClCompile Include="MeshActor.cpp">
      <Filter>Source Files\Actor</Filter>
    </ClCompile>
    <ClCompile Include="Camera.cpp">
      <Filter>Source Files</Filter>
    </ClCompile>
  </ItemGroup>
  <ItemGroup>
    <ClInclude Include="Application.h">
      <Filter>Header Files</Filter>
    </ClInclude>
    <ClInclude Include="Mesh.h">
      <Filter>Header Files</Filter>
    </ClInclude>
    <ClInclude Include="Vertex.h">
      <Filter>Header Files</Filter>
    </ClInclude>
    <ClInclude Include="Texture.h">
      <Filter>Header Files</Filter>
    </ClInclude>
    <ClInclude Include="Dependencies\includes\glad\glad.h">
      <Filter>Header Files\Other</Filter>
    </ClInclude>
    <ClInclude Include="Dependencies\includes\GLFW\glfw3.h">
      <Filter>Header Files\Other</Filter>
    </ClInclude>
    <ClInclude Include="Dependencies\includes\GLFW\glfw3native.h">
      <Filter>Header Files\Other</Filter>
    </ClInclude>
    <ClInclude Include="Dependencies\includes\KHR\khrplatform.h">
      <Filter>Header Files\Other</Filter>
    </ClInclude>
    <ClInclude Include="Transform.h">
      <Filter>Header Files</Filter>
    </ClInclude>
    <ClInclude Include="Actor.h">
      <Filter>Header Files</Filter>
    </ClInclude>
    <ClInclude Include="Component.h">
      <Filter>Header Files</Filter>
    </ClInclude>
    <ClInclude Include="IRender.h">
      <Filter>Header Files</Filter>
    </ClInclude>
    <ClInclude Include="ShaderProgram.h">
      <Filter>Header Files</Filter>
    </ClInclude>
    <ClInclude Include="MeshComponent.h">
      <Filter>Header Files</Filter>
    </ClInclude>
    <ClInclude Include="Content.h">
      <Filter>Header Files</Filter>
    </ClInclude>
    <ClInclude Include="MeshImporter.h">
      <Filter>Header Files</Filter>
    </ClInclude>
    <ClInclude Include="Dependencies\includes\stb_image.h">
      <Filter>Header Files</Filter>
    </ClInclude>
    <ClInclude Include="Dependencies\includes\assimp\Compiler\poppack1.h">
      <Filter>Header Files</Filter>
    </ClInclude>
    <ClInclude Include="Dependencies\includes\assimp\Compiler\pstdint.h">
      <Filter>Header Files</Filter>
    </ClInclude>
    <ClInclude Include="Dependencies\includes\assimp\Compiler\pushpack1.h">
      <Filter>Header Files</Filter>
    </ClInclude>
    <ClInclude Include="Dependencies\includes\assimp\port\AndroidJNI\AndroidJNIIOSystem.h">
      <Filter>Header Files</Filter>
    </ClInclude>
    <ClInclude Include="Dependencies\includes\assimp\port\AndroidJNI\BundledAssetIOSystem.h">
      <Filter>Header Files</Filter>
    </ClInclude>
    <ClInclude Include="Dependencies\includes\assimp\aabb.h">
      <Filter>Header Files</Filter>
    </ClInclude>
    <ClInclude Include="Dependencies\includes\assimp\ai_assert.h">
      <Filter>Header Files</Filter>
    </ClInclude>
    <ClInclude Include="Dependencies\includes\assimp\anim.h">
      <Filter>Header Files</Filter>
    </ClInclude>
    <ClInclude Include="Dependencies\includes\assimp\AssertHandler.h">
      <Filter>Header Files</Filter>
    </ClInclude>
    <ClInclude Include="Dependencies\includes\assimp\Base64.hpp">
      <Filter>Header Files</Filter>
    </ClInclude>
    <ClInclude Include="Dependencies\includes\assimp\BaseImporter.h">
      <Filter>Header Files</Filter>
    </ClInclude>
    <ClInclude Include="Dependencies\includes\assimp\Bitmap.h">
      <Filter>Header Files</Filter>
    </ClInclude>
    <ClInclude Include="Dependencies\includes\assimp\BlobIOSystem.h">
      <Filter>Header Files</Filter>
    </ClInclude>
    <ClInclude Include="Dependencies\includes\assimp\ByteSwapper.h">
      <Filter>Header Files</Filter>
    </ClInclude>
    <ClInclude Include="Dependencies\includes\assimp\camera.h">
      <Filter>Header Files</Filter>
    </ClInclude>
    <ClInclude Include="Dependencies\includes\assimp\cexport.h">
      <Filter>Header Files</Filter>
    </ClInclude>
    <ClInclude Include="Dependencies\includes\assimp\cfileio.h">
      <Filter>Header Files</Filter>
    </ClInclude>
    <ClInclude Include="Dependencies\includes\assimp\cimport.h">
      <Filter>Header Files</Filter>
    </ClInclude>
    <ClInclude Include="Dependencies\includes\assimp\ColladaMetaData.h">
      <Filter>Header Files</Filter>
    </ClInclude>
    <ClInclude Include="Dependencies\includes\assimp\color4.h">
      <Filter>Header Files</Filter>
    </ClInclude>
    <ClInclude Include="Dependencies\includes\assimp\commonMetaData.h">
      <Filter>Header Files</Filter>
    </ClInclude>
    <ClInclude Include="Dependencies\includes\assimp\config.h">
      <Filter>Header Files</Filter>
    </ClInclude>
    <ClInclude Include="Dependencies\includes\assimp\CreateAnimMesh.h">
      <Filter>Header Files</Filter>
    </ClInclude>
    <ClInclude Include="Dependencies\includes\assimp\DefaultIOStream.h">
      <Filter>Header Files</Filter>
    </ClInclude>
    <ClInclude Include="Dependencies\includes\assimp\DefaultIOSystem.h">
      <Filter>Header Files</Filter>
    </ClInclude>
    <ClInclude Include="Dependencies\includes\assimp\DefaultLogger.hpp">
      <Filter>Header Files</Filter>
    </ClInclude>
    <ClInclude Include="Dependencies\includes\assimp\defs.h">
      <Filter>Header Files</Filter>
    </ClInclude>
    <ClInclude Include="Dependencies\includes\assimp\Exceptional.h">
      <Filter>Header Files</Filter>
    </ClInclude>
    <ClInclude Include="Dependencies\includes\assimp\Exporter.hpp">
      <Filter>Header Files</Filter>
    </ClInclude>
    <ClInclude Include="Dependencies\includes\assimp\fast_atof.h">
      <Filter>Header Files</Filter>
    </ClInclude>
    <ClInclude Include="Dependencies\includes\assimp\GenericProperty.h">
      <Filter>Header Files</Filter>
    </ClInclude>
    <ClInclude Include="Dependencies\includes\assimp\GltfMaterial.h">
      <Filter>Header Files</Filter>
    </ClInclude>
    <ClInclude Include="Dependencies\includes\assimp\Hash.h">
      <Filter>Header Files</Filter>
    </ClInclude>
    <ClInclude Include="Dependencies\includes\assimp\Importer.hpp">
      <Filter>Header Files</Filter>
    </ClInclude>
    <ClInclude Include="Dependencies\includes\assimp\importerdesc.h">
      <Filter>Header Files</Filter>
    </ClInclude>
    <ClInclude Include="Dependencies\includes\assimp\IOStream.hpp">
      <Filter>Header Files</Filter>
    </ClInclude>
    <ClInclude Include="Dependencies\includes\assimp\IOStreamBuffer.h">
      <Filter>Header Files</Filter>
    </ClInclude>
    <ClInclude Include="Dependencies\includes\assimp\IOSystem.hpp">
      <Filter>Header Files</Filter>
    </ClInclude>
    <ClInclude Include="Dependencies\includes\assimp\light.h">
      <Filter>Header Files</Filter>
    </ClInclude>
    <ClInclude Include="Dependencies\includes\assimp\LineSplitter.h">
      <Filter>Header Files</Filter>
    </ClInclude>
    <ClInclude Include="Dependencies\includes\assimp\LogAux.h">
      <Filter>Header Files</Filter>
    </ClInclude>
    <ClInclude Include="Dependencies\includes\assimp\Logger.hpp">
      <Filter>Header Files</Filter>
    </ClInclude>
    <ClInclude Include="Dependencies\includes\assimp\LogStream.hpp">
      <Filter>Header Files</Filter>
    </ClInclude>
    <ClInclude Include="Dependencies\includes\assimp\material.h">
      <Filter>Header Files</Filter>
    </ClInclude>
    <ClInclude Include="Dependencies\includes\assimp\MathFunctions.h">
      <Filter>Header Files</Filter>
    </ClInclude>
    <ClInclude Include="Dependencies\includes\assimp\matrix3x3.h">
      <Filter>Header Files</Filter>
    </ClInclude>
    <ClInclude Include="Dependencies\includes\assimp\matrix4x4.h">
      <Filter>Header Files</Filter>
    </ClInclude>
    <ClInclude Include="Dependencies\includes\assimp\MemoryIOWrapper.h">
      <Filter>Header Files</Filter>
    </ClInclude>
    <ClInclude Include="Dependencies\includes\assimp\mesh.h">
      <Filter>Header Files</Filter>
    </ClInclude>
    <ClInclude Include="Dependencies\includes\assimp\metadata.h">
      <Filter>Header Files</Filter>
    </ClInclude>
    <ClInclude Include="Dependencies\includes\assimp\NullLogger.hpp">
      <Filter>Header Files</Filter>
    </ClInclude>
    <ClInclude Include="Dependencies\includes\assimp\ObjMaterial.h">
      <Filter>Header Files</Filter>
    </ClInclude>
    <ClInclude Include="Dependencies\includes\assimp\ParsingUtils.h">
      <Filter>Header Files</Filter>
    </ClInclude>
    <ClInclude Include="Dependencies\includes\assimp\pbrmaterial.h">
      <Filter>Header Files</Filter>
    </ClInclude>
    <ClInclude Include="Dependencies\includes\assimp\postprocess.h">
      <Filter>Header Files</Filter>
    </ClInclude>
    <ClInclude Include="Dependencies\includes\assimp\Profiler.h">
      <Filter>Header Files</Filter>
    </ClInclude>
    <ClInclude Include="Dependencies\includes\assimp\ProgressHandler.hpp">
      <Filter>Header Files</Filter>
    </ClInclude>
    <ClInclude Include="Dependencies\includes\assimp\qnan.h">
      <Filter>Header Files</Filter>
    </ClInclude>
    <ClInclude Include="Dependencies\includes\assimp\quaternion.h">
      <Filter>Header Files</Filter>
    </ClInclude>
    <ClInclude Include="Dependencies\includes\assimp\RemoveComments.h">
      <Filter>Header Files</Filter>
    </ClInclude>
    <ClInclude Include="Dependencies\includes\assimp\scene.h">
      <Filter>Header Files</Filter>
    </ClInclude>
    <ClInclude Include="Dependencies\includes\assimp\SceneCombiner.h">
      <Filter>Header Files</Filter>
    </ClInclude>
    <ClInclude Include="Dependencies\includes\assimp\SGSpatialSort.h">
      <Filter>Header Files</Filter>
    </ClInclude>
    <ClInclude Include="Dependencies\includes\assimp\SkeletonMeshBuilder.h">
      <Filter>Header Files</Filter>
    </ClInclude>
    <ClInclude Include="Dependencies\includes\assimp\SmallVector.h">
      <Filter>Header Files</Filter>
    </ClInclude>
    <ClInclude Include="Dependencies\includes\assimp\SmoothingGroups.h">
      <Filter>Header Files</Filter>
    </ClInclude>
    <ClInclude Include="Dependencies\includes\assimp\SpatialSort.h">
      <Filter>Header Files</Filter>
    </ClInclude>
    <ClInclude Include="Dependencies\includes\assimp\StandardShapes.h">
      <Filter>Header Files</Filter>
    </ClInclude>
    <ClInclude Include="Dependencies\includes\assimp\StreamReader.h">
      <Filter>Header Files</Filter>
    </ClInclude>
    <ClInclude Include="Dependencies\includes\assimp\StreamWriter.h">
      <Filter>Header Files</Filter>
    </ClInclude>
    <ClInclude Include="Dependencies\includes\assimp\StringComparison.h">
      <Filter>Header Files</Filter>
    </ClInclude>
    <ClInclude Include="Dependencies\includes\assimp\StringUtils.h">
      <Filter>Header Files</Filter>
    </ClInclude>
    <ClInclude Include="Dependencies\includes\assimp\Subdivision.h">
      <Filter>Header Files</Filter>
    </ClInclude>
    <ClInclude Include="Dependencies\includes\assimp\texture.h">
      <Filter>Header Files</Filter>
    </ClInclude>
    <ClInclude Include="Dependencies\includes\assimp\TinyFormatter.h">
      <Filter>Header Files</Filter>
    </ClInclude>
    <ClInclude Include="Dependencies\includes\assimp\types.h">
      <Filter>Header Files</Filter>
    </ClInclude>
    <ClInclude Include="Dependencies\includes\assimp\vector2.h">
      <Filter>Header Files</Filter>
    </ClInclude>
    <ClInclude Include="Dependencies\includes\assimp\vector3.h">
      <Filter>Header Files</Filter>
    </ClInclude>
    <ClInclude Include="Dependencies\includes\assimp\version.h">
      <Filter>Header Files</Filter>
    </ClInclude>
    <ClInclude Include="Dependencies\includes\assimp\Vertex.h">
      <Filter>Header Files</Filter>
    </ClInclude>
    <ClInclude Include="Dependencies\includes\assimp\XmlParser.h">
      <Filter>Header Files</Filter>
    </ClInclude>
    <ClInclude Include="Dependencies\includes\assimp\XMLTools.h">
      <Filter>Header Files</Filter>
    </ClInclude>
    <ClInclude Include="Dependencies\includes\assimp\ZipArchiveIOSystem.h">
      <Filter>Header Files</Filter>
    </ClInclude>
    <ClInclude Include="MeshActor.h">
      <Filter>Header Files</Filter>
    </ClInclude>
    <ClInclude Include="Camera.h">
      <Filter>Header Files</Filter>
    </ClInclude>
  </ItemGroup>
  <ItemGroup>
    <None Include="Dependencies\libs\glfw3.dll" />
    <None Include="Dependencies\libs\assimp-vc143-mt.dll" />
    <None Include="Dependencies\libs\assimp-vc143-mt.exp" />
    <None Include="Dependencies\libs\assimp-vc143-mt.pdb" />
    <None Include="Dependencies\includes\assimp\color4.inl">
      <Filter>Header Files</Filter>
    </None>
    <None Include="Dependencies\includes\assimp\material.inl">
      <Filter>Header Files</Filter>
    </None>
    <None Include="Dependencies\includes\assimp\matrix3x3.inl">
      <Filter>Header Files</Filter>
    </None>
    <None Include="Dependencies\includes\assimp\matrix4x4.inl">
      <Filter>Header Files</Filter>
    </None>
    <None Include="Dependencies\includes\assimp\quaternion.inl">
      <Filter>Header Files</Filter>
    </None>
    <None Include="Dependencies\includes\assimp\SmoothingGroups.inl">
      <Filter>Header Files</Filter>
    </None>
    <None Include="Dependencies\includes\assimp\vector2.inl">
      <Filter>Header Files</Filter>
    </None>
    <None Include="Dependencies\includes\assimp\vector3.inl">
      <Filter>Header Files</Filter>
    </None>
    <None Include="Dependencies\libs\D3DX9_42.dll" />
    <None Include="Dependencies\libs\D3DCompiler_42.dll" />
    <None Include="Dependencies\includes\assimp\.editorconfig" />
    <None Include="assimp-vc143-mt.dll" />
    <None Include="vertexShader.glsl">
      <Filter>Shaders</Filter>
    </None>
    <None Include="fragmentShader.glsl">
      <Filter>Shaders</Filter>
    </None>
  </ItemGroup>
  <ItemGroup>
    <Library Include="Dependencies\libs\glfw3.lib" />
    <Library Include="Dependencies\libs\glfw3_mt.lib" />
    <Library Include="Dependencies\libs\glfw3dll.lib" />
    <Library Include="Dependencies\libs\assimp-vc143-mt.lib" />
  </ItemGroup>
</Project>